
Microsoft Visual Studio Solution File, Format Version 12.00
# Visual Studio Version 17
VisualStudioVersion = 17.11.35303.130
MinimumVisualStudioVersion = 10.0.40219.1
Project("{FAE04EC0-301F-11D3-BF4B-00C04F79EFBC}") = "login-angular-backend", "login-angular-backend\login-angular-backend.csproj", "{996F4BF5-04ED-486C-B4B5-4EC7502F16B2}"
EndProject
Global
	GlobalSection(SolutionConfigurationPlatforms) = preSolution
		Debug|Any CPU = Debug|Any CPU
		Release|Any CPU = Release|Any CPU
	EndGlobalSection
	GlobalSection(ProjectConfigurationPlatforms) = postSolution
		{996F4BF5-04ED-486C-B4B5-4EC7502F16B2}.Debug|Any CPU.ActiveCfg = Debug|Any CPU
		{996F4BF5-04ED-486C-B4B5-4EC7502F16B2}.Debug|Any CPU.Build.0 = Debug|Any CPU
		{996F4BF5-04ED-486C-B4B5-4EC7502F16B2}.Release|Any CPU.ActiveCfg = Release|Any CPU
		{996F4BF5-04ED-486C-B4B5-4EC7502F16B2}.Release|Any CPU.Build.0 = Release|Any CPU
	EndGlobalSection
	GlobalSection(SolutionProperties) = preSolution
		HideSolutionNode = FALSE
	EndGlobalSection
	GlobalSection(ExtensibilityGlobals) = postSolution
		SolutionGuid = {1C6FE7A5-F336-4D74-9017-DC7D52473294}
	EndGlobalSection
EndGlobal
